
Microsoft Visual Studio Solution File, Format Version 11.00
# Visual Studio 2010
Project("{FAE04EC0-301F-11D3-BF4B-00C04F79EFBC}") = "CompanionApp", "Assembly-CSharp.csproj", "{4E841DF9-7A58-C9F1-0FC0-E2CA74F9D818}"
EndProject
Global
	GlobalSection(SolutionConfigurationPlatforms) = preSolution
		Debug|Any CPU = Debug|Any CPU
		Release|Any CPU = Release|Any CPU
	EndGlobalSection
	GlobalSection(ProjectConfigurationPlatforms) = postSolution
		{4E841DF9-7A58-C9F1-0FC0-E2CA74F9D818}.Debug|Any CPU.ActiveCfg = Debug|Any CPU
		{4E841DF9-7A58-C9F1-0FC0-E2CA74F9D818}.Debug|Any CPU.Build.0 = Debug|Any CPU
		{4E841DF9-7A58-C9F1-0FC0-E2CA74F9D818}.Release|Any CPU.ActiveCfg = Release|Any CPU
		{4E841DF9-7A58-C9F1-0FC0-E2CA74F9D818}.Release|Any CPU.Build.0 = Release|Any CPU
	EndGlobalSection
	GlobalSection(SolutionProperties) = preSolution
		HideSolutionNode = FALSE
	EndGlobalSection
	GlobalSection(MonoDevelopProperties) = preSolution
		StartupItem = Assembly-CSharp.csproj
	EndGlobalSection
EndGlobal
