
Microsoft Visual Studio Solution File, Format Version 12.00
# Visual Studio 2015
Project("{FAE04EC0-301F-11D3-BF4B-00C04F79EFBC}") = "CompanionApp", "CompanionApp.csproj", "{027CAB7E-4D4B-3D31-D50E-3ED81981B67B}"
EndProject
Global
	GlobalSection(SolutionConfigurationPlatforms) = preSolution
		Debug|Any CPU = Debug|Any CPU
		Release|Any CPU = Release|Any CPU
	EndGlobalSection
	GlobalSection(ProjectConfigurationPlatforms) = postSolution
		{027CAB7E-4D4B-3D31-D50E-3ED81981B67B}.Debug|Any CPU.ActiveCfg = Debug|Any CPU
		{027CAB7E-4D4B-3D31-D50E-3ED81981B67B}.Debug|Any CPU.Build.0 = Debug|Any CPU
		{027CAB7E-4D4B-3D31-D50E-3ED81981B67B}.Release|Any CPU.ActiveCfg = Release|Any CPU
		{027CAB7E-4D4B-3D31-D50E-3ED81981B67B}.Release|Any CPU.Build.0 = Release|Any CPU
	EndGlobalSection
	GlobalSection(SolutionProperties) = preSolution
		HideSolutionNode = FALSE
	EndGlobalSection
EndGlobal
